<?xml version="1.0" encoding="utf-8"?>
<Project ToolsVersion="4.0" xmlns="http://schemas.microsoft.com/developer/msbuild/2003">
  <ItemGroup>
    <Filter Include="Source Files">
      <UniqueIdentifier>{4FC737F1-C7A5-4376-A066-2A32D752A2FF}</UniqueIdentifier>
      <Extensions>cpp;c;cc;cxx;def;odl;idl;hpj;bat;asm;asmx</Extensions>
    </Filter>
    <Filter Include="Header Files">
      <UniqueIdentifier>{93995380-89BD-4b04-88EB-625FBE52EBFB}</UniqueIdentifier>
      <Extensions>h;hh;hpp;hxx;hm;inl;inc;xsd</Extensions>
    </Filter>
    <Filter Include="Resource Files">
      <UniqueIdentifier>{67DA6AB6-F800-4c08-8B7A-83BB121AAD01}</UniqueIdentifier>
      <Extensions>rc;ico;cur;bmp;dlg;rc2;rct;bin;rgs;gif;jpg;jpeg;jpe;resx;tiff;tif;png;wav;mfcribbon-ms</Extensions>
    </Filter>
    <Filter Include="Header Files\Interfaces">
      <UniqueIdentifier>{fe4139c3-06b6-4dce-bd7c-56b4940c81d0}</UniqueIdentifier>
    </Filter>
    <Filter Include="Header Files\Abstracts">
      <UniqueIdentifier>{f968d788-35f9-4178-b006-6beb05053880}</UniqueIdentifier>
    </Filter>
    <Filter Include="Source Files\Abstracts">
      <UniqueIdentifier>{84cfa714-0bfa-4669-b51b-41fbb1ea337e}</UniqueIdentifier>
    </Filter>
  </ItemGroup>
  <ItemGroup>
    <ClInclude Include="KerberosTicketsManger.h">
      <Filter>Header Files</Filter>
    </ClInclude>
    <ClInclude Include="SpnRequest.h">
      <Filter>Header Files</Filter>
    </ClInclude>
    <ClInclude Include="ISpnValidator.h">
      <Filter>Header Files\Interfaces</Filter>
    </ClInclude>
    <ClInclude Include="SpnValidator.h">
      <Filter>Header Files</Filter>
    </ClInclude>
    <ClInclude Include="KerbRetrieveTktRequest.h">
      <Filter>Header Files</Filter>
    </ClInclude>
    <ClInclude Include="Interfaces\IServerResponse.h">
      <Filter>Header Files\Interfaces</Filter>
    </ClInclude>
    <ClInclude Include="Interfaces\IServerRequest.h">
      <Filter>Header Files\Interfaces</Filter>
    </ClInclude>
    <ClInclude Include="AKerbAuthRequestDecorator.h">
      <Filter>Header Files\Abstracts</Filter>
    </ClInclude>
    <ClInclude Include="ARequestDecorator.h">
      <Filter>Header Files\Abstracts</Filter>
    </ClInclude>
  </ItemGroup>
  <ItemGroup>
    <ClCompile Include="KerberosTicketsManger.cpp">
      <Filter>Source Files</Filter>
    </ClCompile>
    <ClCompile Include="SpnRequest.cpp">
      <Filter>Source Files</Filter>
    </ClCompile>
    <ClCompile Include="SpnValidator.cpp">
      <Filter>Source Files</Filter>
    </ClCompile>
    <ClCompile Include="KerbRetrieveTktRequest.cpp">
      <Filter>Source Files</Filter>
    </ClCompile>
    <ClCompile Include="AKerbAuthRequestDecorator.cpp">
      <Filter>Source Files\Abstracts</Filter>
    </ClCompile>
    <ClCompile Include="ARequestDecorator.cpp">
      <Filter>Source Files\Abstracts</Filter>
    </ClCompile>
  </ItemGroup>
</Project>